
Microsoft Visual Studio Solution File, Format Version 12.00
# Visual Studio Version 17
VisualStudioVersion = 17.5.33530.505
MinimumVisualStudioVersion = 10.0.40219.1
Project("{FAE04EC0-301F-11D3-BF4B-00C04F79EFBC}") = "allergies", "allergies\allergies.csproj", "{70A51E8B-9AD5-47EA-A665-DBF4F194B16F}"
EndProject
Global
	GlobalSection(SolutionConfigurationPlatforms) = preSolution
		Debug|Any CPU = Debug|Any CPU
		Release|Any CPU = Release|Any CPU
	EndGlobalSection
	GlobalSection(ProjectConfigurationPlatforms) = postSolution
		{70A51E8B-9AD5-47EA-A665-DBF4F194B16F}.Debug|Any CPU.ActiveCfg = Debug|Any CPU
		{70A51E8B-9AD5-47EA-A665-DBF4F194B16F}.Debug|Any CPU.Build.0 = Debug|Any CPU
		{70A51E8B-9AD5-47EA-A665-DBF4F194B16F}.Release|Any CPU.ActiveCfg = Release|Any CPU
		{70A51E8B-9AD5-47EA-A665-DBF4F194B16F}.Release|Any CPU.Build.0 = Release|Any CPU
	EndGlobalSection
	GlobalSection(SolutionProperties) = preSolution
		HideSolutionNode = FALSE
	EndGlobalSection
	GlobalSection(ExtensibilityGlobals) = postSolution
		SolutionGuid = {DDF4F932-8138-446E-BE8B-7E8CB4BA00DB}
	EndGlobalSection
EndGlobal
